Microsoft Visual Studio Solution File, Format Version 8.00
Project("{8BC9CEB8-8B4A-11D0-8D11-00A0C91BC942}") = "libsrs2_win32", "libsrs2_win32.vcproj", "{AAEB6152-D1BE-4644-9FAB-ADC49E10A3BF}"
	ProjectSection(ProjectDependencies) = postProject
	EndProjectSection
EndProject
Global
	GlobalSection(SolutionConfiguration) = preSolution
		Debug = Debug
		Release = Release
	EndGlobalSection
	GlobalSection(ProjectConfiguration) = postSolution
		{AAEB6152-D1BE-4644-9FAB-ADC49E10A3BF}.Debug.ActiveCfg = Debug|Win32
		{AAEB6152-D1BE-4644-9FAB-ADC49E10A3BF}.Debug.Build.0 = Debug|Win32
		{AAEB6152-D1BE-4644-9FAB-ADC49E10A3BF}.Release.ActiveCfg = Release|Win32
		{AAEB6152-D1BE-4644-9FAB-ADC49E10A3BF}.Release.Build.0 = Release|Win32
	EndGlobalSection
	GlobalSection(ExtensibilityGlobals) = postSolution
	EndGlobalSection
	GlobalSection(ExtensibilityAddIns) = postSolution
	EndGlobalSection
EndGlobal
